// !$*UTF8*$!
{
	archiveVersion = 1;
	classes = {
	};
	objectVersion = 56;
	objects = {

/* Begin PBXBuildFile section */
		C30742752B3B3CF800F0B96A /* Berlin_ClockApp.swift in Sources */ = {isa = PBXBuildFile; fileRef = C30742742B3B3CF800F0B96A /* Berlin_ClockApp.swift */; };
		C30742772B3B3CF800F0B96A /* ContentView.swift in Sources */ = {isa = PBXBuildFile; fileRef = C30742762B3B3CF800F0B96A /* ContentView.swift */; };
		C30742792B3B3CF900F0B96A /* Assets.xcassets in Resources */ = {isa = PBXBuildFile; fileRef = C30742782B3B3CF900F0B96A /* Assets.xcassets */; };
		C307427C2B3B3CF900F0B96A /* Preview Assets.xcassets in Resources */ = {isa = PBXBuildFile; fileRef = C307427B2B3B3CF900F0B96A /* Preview Assets.xcassets */; };
		C30742872B3B431600F0B96A /* BerlinClock.swift in Sources */ = {isa = PBXBuildFile; fileRef = C30742862B3B431600F0B96A /* BerlinClock.swift */; };
		C30742892B3B4A3000F0B96A /* BerlinClockConverter.swift in Sources */ = {isa = PBXBuildFile; fileRef = C30742882B3B4A3000F0B96A /* BerlinClockConverter.swift */; };
		C30742912B3B4D5000F0B96A /* Berlin_ClockTests.swift in Sources */ = {isa = PBXBuildFile; fileRef = C30742902B3B4D5000F0B96A /* Berlin_ClockTests.swift */; };
		C30742982B3B4D8600F0B96A /* BerlinClockConverter_Tests.swift in Sources */ = {isa = PBXBuildFile; fileRef = C30742972B3B4D8600F0B96A /* BerlinClockConverter_Tests.swift */; };
		C307429B2B3B4DC700F0B96A /* BerlinClockConvertingTime.swift in Sources */ = {isa = PBXBuildFile; fileRef = C307429A2B3B4DC700F0B96A /* BerlinClockConvertingTime.swift */; };
		C307429E2B3B58B200F0B96A /* Date.swift in Sources */ = {isa = PBXBuildFile; fileRef = C307429D2B3B58B200F0B96A /* Date.swift */; };
		C30742A12B3C6DAB00F0B96A /* BerlinClockViewModel.swift in Sources */ = {isa = PBXBuildFile; fileRef = C30742A02B3C6DAB00F0B96A /* BerlinClockViewModel.swift */; };
		C30742A52B3C6E0100F0B96A /* BerlinClockViewModel_Tests.swift in Sources */ = {isa = PBXBuildFile; fileRef = C30742A42B3C6E0100F0B96A /* BerlinClockViewModel_Tests.swift */; };
		C30742AC2B3C844C00F0B96A /* SecondsView.swift in Sources */ = {isa = PBXBuildFile; fileRef = C30742AB2B3C844C00F0B96A /* SecondsView.swift */; };
		C30742AE2B3C84DF00F0B96A /* LightsBlockView.swift in Sources */ = {isa = PBXBuildFile; fileRef = C30742AD2B3C84DF00F0B96A /* LightsBlockView.swift */; };
		C30742B02B3C857B00F0B96A /* BerlinClockView.swift in Sources */ = {isa = PBXBuildFile; fileRef = C30742AF2B3C857B00F0B96A /* BerlinClockView.swift */; };
		C30742B22B3C8F5400F0B96A /* LightsView.swift in Sources */ = {isa = PBXBuildFile; fileRef = C30742B12B3C8F5400F0B96A /* LightsView.swift */; };
/* End PBXBuildFile section */

/* Begin PBXContainerItemProxy section */
		C30742922B3B4D5000F0B96A /* PBXContainerItemProxy */ = {
			isa = PBXContainerItemProxy;
			containerPortal = C30742692B3B3CF800F0B96A /* Project object */;
			proxyType = 1;
			remoteGlobalIDString = C30742702B3B3CF800F0B96A;
			remoteInfo = "Berlin Clock";
		};
/* End PBXContainerItemProxy section */

/* Begin PBXFileReference section */
		C30742712B3B3CF800F0B96A /* Berlin Clock.app */ = {isa = PBXFileReference; explicitFileType = wrapper.application; includeInIndex = 0; path = "Berlin Clock.app"; sourceTree = BUILT_PRODUCTS_DIR; };
		C30742742B3B3CF800F0B96A /* Berlin_ClockApp.swift */ = {isa = PBXFileReference; lastKnownFileType = sourcecode.swift; path = Berlin_ClockApp.swift; sourceTree = "<group>"; };
		C30742762B3B3CF800F0B96A /* ContentView.swift */ = {isa = PBXFileReference; lastKnownFileType = sourcecode.swift; path = ContentView.swift; sourceTree = "<group>"; };
		C30742782B3B3CF900F0B96A /* Assets.xcassets */ = {isa = PBXFileReference; lastKnownFileType = folder.assetcatalog; path = Assets.xcassets; sourceTree = "<group>"; };
		C307427B2B3B3CF900F0B96A /* Preview Assets.xcassets */ = {isa = PBXFileReference; lastKnownFileType = folder.assetcatalog; path = "Preview Assets.xcassets"; sourceTree = "<group>"; };
		C30742862B3B431600F0B96A /* BerlinClock.swift */ = {isa = PBXFileReference; lastKnownFileType = sourcecode.swift; path = BerlinClock.swift; sourceTree = "<group>"; };
		C30742882B3B4A3000F0B96A /* BerlinClockConverter.swift */ = {isa = PBXFileReference; lastKnownFileType = sourcecode.swift; path = BerlinClockConverter.swift; sourceTree = "<group>"; };
		C307428E2B3B4D5000F0B96A /* Berlin ClockTests.xctest */ = {isa = PBXFileReference; explicitFileType = wrapper.cfbundle; includeInIndex = 0; path = "Berlin ClockTests.xctest"; sourceTree = BUILT_PRODUCTS_DIR; };
		C30742902B3B4D5000F0B96A /* Berlin_ClockTests.swift */ = {isa = PBXFileReference; lastKnownFileType = sourcecode.swift; path = Berlin_ClockTests.swift; sourceTree = "<group>"; };
		C30742972B3B4D8600F0B96A /* BerlinClockConverter_Tests.swift */ = {isa = PBXFileReference; lastKnownFileType = sourcecode.swift; path = BerlinClockConverter_Tests.swift; sourceTree = "<group>"; };
		C307429A2B3B4DC700F0B96A /* BerlinClockConvertingTime.swift */ = {isa = PBXFileReference; lastKnownFileType = sourcecode.swift; path = BerlinClockConvertingTime.swift; sourceTree = "<group>"; };
		C307429D2B3B58B200F0B96A /* Date.swift */ = {isa = PBXFileReference; lastKnownFileType = sourcecode.swift; path = Date.swift; sourceTree = "<group>"; };
		C30742A02B3C6DAB00F0B96A /* BerlinClockViewModel.swift */ = {isa = PBXFileReference; lastKnownFileType = sourcecode.swift; path = BerlinClockViewModel.swift; sourceTree = "<group>"; };
		C30742A42B3C6E0100F0B96A /* BerlinClockViewModel_Tests.swift */ = {isa = PBXFileReference; lastKnownFileType = sourcecode.swift; path = BerlinClockViewModel_Tests.swift; sourceTree = "<group>"; };
		C30742AB2B3C844C00F0B96A /* SecondsView.swift */ = {isa = PBXFileReference; lastKnownFileType = sourcecode.swift; path = SecondsView.swift; sourceTree = "<group>"; };
		C30742AD2B3C84DF00F0B96A /* LightsBlockView.swift */ = {isa = PBXFileReference; lastKnownFileType = sourcecode.swift; path = LightsBlockView.swift; sourceTree = "<group>"; };
		C30742AF2B3C857B00F0B96A /* BerlinClockView.swift */ = {isa = PBXFileReference; lastKnownFileType = sourcecode.swift; path = BerlinClockView.swift; sourceTree = "<group>"; };
		C30742B12B3C8F5400F0B96A /* LightsView.swift */ = {isa = PBXFileReference; lastKnownFileType = sourcecode.swift; path = LightsView.swift; sourceTree = "<group>"; };
/* End PBXFileReference section */

/* Begin PBXFrameworksBuildPhase section */
		C307426E2B3B3CF800F0B96A /* Frameworks */ = {
			isa = PBXFrameworksBuildPhase;
			buildActionMask = 2147483647;
			files = (
			);
			runOnlyForDeploymentPostprocessing = 0;
		};
		C307428B2B3B4D5000F0B96A /* Frameworks */ = {
			isa = PBXFrameworksBuildPhase;
			buildActionMask = 2147483647;
			files = (
			);
			runOnlyForDeploymentPostprocessing = 0;
		};
/* End PBXFrameworksBuildPhase section */

/* Begin PBXGroup section */
		C30742682B3B3CF800F0B96A = {
			isa = PBXGroup;
			children = (
				C30742732B3B3CF800F0B96A /* Berlin Clock */,
				C307428F2B3B4D5000F0B96A /* Berlin ClockTests */,
				C30742722B3B3CF800F0B96A /* Products */,
			);
			sourceTree = "<group>";
		};
		C30742722B3B3CF800F0B96A /* Products */ = {
			isa = PBXGroup;
			children = (
				C30742712B3B3CF800F0B96A /* Berlin Clock.app */,
				C307428E2B3B4D5000F0B96A /* Berlin ClockTests.xctest */,
			);
			name = Products;
			sourceTree = "<group>";
		};
		C30742732B3B3CF800F0B96A /* Berlin Clock */ = {
			isa = PBXGroup;
			children = (
				C30742A72B3C809000F0B96A /* Views */,
				C307429F2B3C6D7F00F0B96A /* ViewModel */,
				C30742992B3B4D9800F0B96A /* Protocols */,
				C30742852B3B430500F0B96A /* Models */,
				C30742882B3B4A3000F0B96A /* BerlinClockConverter.swift */,
				C30742742B3B3CF800F0B96A /* Berlin_ClockApp.swift */,
				C30742762B3B3CF800F0B96A /* ContentView.swift */,
				C30742782B3B3CF900F0B96A /* Assets.xcassets */,
				C307427A2B3B3CF900F0B96A /* Preview Content */,
			);
			path = "Berlin Clock";
			sourceTree = "<group>";
		};
		C307427A2B3B3CF900F0B96A /* Preview Content */ = {
			isa = PBXGroup;
			children = (
				C307427B2B3B3CF900F0B96A /* Preview Assets.xcassets */,
			);
			path = "Preview Content";
			sourceTree = "<group>";
		};
		C30742852B3B430500F0B96A /* Models */ = {
			isa = PBXGroup;
			children = (
				C30742862B3B431600F0B96A /* BerlinClock.swift */,
			);
			path = Models;
			sourceTree = "<group>";
		};
		C307428F2B3B4D5000F0B96A /* Berlin ClockTests */ = {
			isa = PBXGroup;
			children = (
				C307429C2B3B58A600F0B96A /* Extensions */,
				C30742902B3B4D5000F0B96A /* Berlin_ClockTests.swift */,
				C30742972B3B4D8600F0B96A /* BerlinClockConverter_Tests.swift */,
				C30742A42B3C6E0100F0B96A /* BerlinClockViewModel_Tests.swift */,
			);
			path = "Berlin ClockTests";
			sourceTree = "<group>";
		};
		C30742992B3B4D9800F0B96A /* Protocols */ = {
			isa = PBXGroup;
			children = (
				C307429A2B3B4DC700F0B96A /* BerlinClockConvertingTime.swift */,
			);
			path = Protocols;
			sourceTree = "<group>";
		};
		C307429C2B3B58A600F0B96A /* Extensions */ = {
			isa = PBXGroup;
			children = (
				C307429D2B3B58B200F0B96A /* Date.swift */,
			);
			path = Extensions;
			sourceTree = "<group>";
		};
		C307429F2B3C6D7F00F0B96A /* ViewModel */ = {
			isa = PBXGroup;
			children = (
				C30742A02B3C6DAB00F0B96A /* BerlinClockViewModel.swift */,
			);
			path = ViewModel;
			sourceTree = "<group>";
		};
		C30742A72B3C809000F0B96A /* Views */ = {
			isa = PBXGroup;
			children = (
				C30742AA2B3C840300F0B96A /* Components */,
				C30742AF2B3C857B00F0B96A /* BerlinClockView.swift */,
			);
			path = Views;
			sourceTree = "<group>";
		};
		C30742AA2B3C840300F0B96A /* Components */ = {
			isa = PBXGroup;
			children = (
				C30742AB2B3C844C00F0B96A /* SecondsView.swift */,
				C30742AD2B3C84DF00F0B96A /* LightsBlockView.swift */,
				C30742B12B3C8F5400F0B96A /* LightsView.swift */,
			);
			path = Components;
			sourceTree = "<group>";
		};
/* End PBXGroup section */

/* Begin PBXNativeTarget section */
		C30742702B3B3CF800F0B96A /* Berlin Clock */ = {
			isa = PBXNativeTarget;
			buildConfigurationList = C307427F2B3B3CF900F0B96A /* Build configuration list for PBXNativeTarget "Berlin Clock" */;
			buildPhases = (
				C307426D2B3B3CF800F0B96A /* Sources */,
				C307426E2B3B3CF800F0B96A /* Frameworks */,
				C307426F2B3B3CF800F0B96A /* Resources */,
			);
			buildRules = (
			);
			dependencies = (
			);
			name = "Berlin Clock";
			productName = "Berlin Clock";
			productReference = C30742712B3B3CF800F0B96A /* Berlin Clock.app */;
			productType = "com.apple.product-type.application";
		};
		C307428D2B3B4D5000F0B96A /* Berlin ClockTests */ = {
			isa = PBXNativeTarget;
			buildConfigurationList = C30742942B3B4D5000F0B96A /* Build configuration list for PBXNativeTarget "Berlin ClockTests" */;
			buildPhases = (
				C307428A2B3B4D5000F0B96A /* Sources */,
				C307428B2B3B4D5000F0B96A /* Frameworks */,
				C307428C2B3B4D5000F0B96A /* Resources */,
			);
			buildRules = (
			);
			dependencies = (
				C30742932B3B4D5000F0B96A /* PBXTargetDependency */,
			);
			name = "Berlin ClockTests";
			productName = "Berlin ClockTests";
			productReference = C307428E2B3B4D5000F0B96A /* Berlin ClockTests.xctest */;
			productType = "com.apple.product-type.bundle.unit-test";
		};
/* End PBXNativeTarget section */

/* Begin PBXProject section */
		C30742692B3B3CF800F0B96A /* Project object */ = {
			isa = PBXProject;
			attributes = {
				BuildIndependentTargetsInParallel = 1;
				LastSwiftUpdateCheck = 1500;
				LastUpgradeCheck = 1500;
				TargetAttributes = {
					C30742702B3B3CF800F0B96A = {
						CreatedOnToolsVersion = 15.0.1;
					};
					C307428D2B3B4D5000F0B96A = {
						CreatedOnToolsVersion = 15.0.1;
						TestTargetID = C30742702B3B3CF800F0B96A;
					};
				};
			};
			buildConfigurationList = C307426C2B3B3CF800F0B96A /* Build configuration list for PBXProject "Berlin Clock" */;
			compatibilityVersion = "Xcode 14.0";
			developmentRegion = en;
			hasScannedForEncodings = 0;
			knownRegions = (
				en,
				Base,
			);
			mainGroup = C30742682B3B3CF800F0B96A;
			productRefGroup = C30742722B3B3CF800F0B96A /* Products */;
			projectDirPath = "";
			projectRoot = "";
			targets = (
				C30742702B3B3CF800F0B96A /* Berlin Clock */,
				C307428D2B3B4D5000F0B96A /* Berlin ClockTests */,
			);
		};
/* End PBXProject section */

/* Begin PBXResourcesBuildPhase section */
		C307426F2B3B3CF800F0B96A /* Resources */ = {
			isa = PBXResourcesBuildPhase;
			buildActionMask = 2147483647;
			files = (
				C307427C2B3B3CF900F0B96A /* Preview Assets.xcassets in Resources */,
				C30742792B3B3CF900F0B96A /* Assets.xcassets in Resources */,
			);
			runOnlyForDeploymentPostprocessing = 0;
		};
		C307428C2B3B4D5000F0B96A /* Resources */ = {
			isa = PBXResourcesBuildPhase;
			buildActionMask = 2147483647;
			files = (
			);
			runOnlyForDeploymentPostprocessing = 0;
		};
/* End PBXResourcesBuildPhase section */

/* Begin PBXSourcesBuildPhase section */
		C307426D2B3B3CF800F0B96A /* Sources */ = {
			isa = PBXSourcesBuildPhase;
			buildActionMask = 2147483647;
			files = (
				C30742772B3B3CF800F0B96A /* ContentView.swift in Sources */,
				C30742AE2B3C84DF00F0B96A /* LightsBlockView.swift in Sources */,
				C30742A12B3C6DAB00F0B96A /* BerlinClockViewModel.swift in Sources */,
				C30742B02B3C857B00F0B96A /* BerlinClockView.swift in Sources */,
				C307429E2B3B58B200F0B96A /* Date.swift in Sources */,
				C307429B2B3B4DC700F0B96A /* BerlinClockConvertingTime.swift in Sources */,
				C30742892B3B4A3000F0B96A /* BerlinClockConverter.swift in Sources */,
				C30742752B3B3CF800F0B96A /* Berlin_ClockApp.swift in Sources */,
				C30742AC2B3C844C00F0B96A /* SecondsView.swift in Sources */,
				C30742B22B3C8F5400F0B96A /* LightsView.swift in Sources */,
				C30742872B3B431600F0B96A /* BerlinClock.swift in Sources */,
			);
			runOnlyForDeploymentPostprocessing = 0;
		};
		C307428A2B3B4D5000F0B96A /* Sources */ = {
			isa = PBXSourcesBuildPhase;
			buildActionMask = 2147483647;
			files = (
				C30742982B3B4D8600F0B96A /* BerlinClockConverter_Tests.swift in Sources */,
				C30742912B3B4D5000F0B96A /* Berlin_ClockTests.swift in Sources */,
				C30742A52B3C6E0100F0B96A /* BerlinClockViewModel_Tests.swift in Sources */,
			);
			runOnlyForDeploymentPostprocessing = 0;
		};
/* End PBXSourcesBuildPhase section */

/* Begin PBXTargetDependency section */
		C30742932B3B4D5000F0B96A /* PBXTargetDependency */ = {
			isa = PBXTargetDependency;
			target = C30742702B3B3CF800F0B96A /* Berlin Clock */;
			targetProxy = C30742922B3B4D5000F0B96A /* PBXContainerItemProxy */;
		};
/* End PBXTargetDependency section */

/* Begin XCBuildConfiguration section */
		C307427D2B3B3CF900F0B96A /* Debug */ = {
			isa = XCBuildConfiguration;
			buildSettings = {
				ALWAYS_SEARCH_USER_PATHS = NO;
				ASSETCATALOG_COMPILER_GENERATE_SWIFT_ASSET_SYMBOL_EXTENSIONS = YES;
				CLANG_ANALYZER_NONNULL = YES;
				CLANG_ANALYZER_NUMBER_OBJECT_CONVERSION = YES_AGGRESSIVE;
				CLANG_CXX_LANGUAGE_STANDARD = "gnu++20";
				CLANG_ENABLE_MODULES = YES;
				CLANG_ENABLE_OBJC_ARC = YES;
				CLANG_ENABLE_OBJC_WEAK = YES;
				CLANG_WARN_BLOCK_CAPTURE_AUTORELEASING = YES;
				CLANG_WARN_BOOL_CONVERSION = YES;
				CLANG_WARN_COMMA = YES;
				CLANG_WARN_CONSTANT_CONVERSION = YES;
				CLANG_WARN_DEPRECATED_OBJC_IMPLEMENTATIONS = YES;
				CLANG_WARN_DIRECT_OBJC_ISA_USAGE = YES_ERROR;
				CLANG_WARN_DOCUMENTATION_COMMENTS = YES;
				CLANG_WARN_EMPTY_BODY = YES;
				CLANG_WARN_ENUM_CONVERSION = YES;
				CLANG_WARN_INFINITE_RECURSION = YES;
				CLANG_WARN_INT_CONVERSION = YES;
				CLANG_WARN_NON_LITERAL_NULL_CONVERSION = YES;
				CLANG_WARN_OBJC_IMPLICIT_RETAIN_SELF = YES;
				CLANG_WARN_OBJC_LITERAL_CONVERSION = YES;
				CLANG_WARN_OBJC_ROOT_CLASS = YES_ERROR;
				CLANG_WARN_QUOTED_INCLUDE_IN_FRAMEWORK_HEADER = YES;
				CLANG_WARN_RANGE_LOOP_ANALYSIS = YES;
				CLANG_WARN_STRICT_PROTOTYPES = YES;
				CLANG_WARN_SUSPICIOUS_MOVE = YES;
				CLANG_WARN_UNGUARDED_AVAILABILITY = YES_AGGRESSIVE;
				CLANG_WARN_UNREACHABLE_CODE = YES;
				CLANG_WARN__DUPLICATE_METHOD_MATCH = YES;
				COPY_PHASE_STRIP = NO;
				DEBUG_INFORMATION_FORMAT = dwarf;
				ENABLE_STRICT_OBJC_MSGSEND = YES;
				ENABLE_TESTABILITY = YES;
				ENABLE_USER_SCRIPT_SANDBOXING = YES;
				GCC_C_LANGUAGE_STANDARD = gnu17;
				GCC_DYNAMIC_NO_PIC = NO;
				GCC_NO_COMMON_BLOCKS = YES;
				GCC_OPTIMIZATION_LEVEL = 0;
				GCC_PREPROCESSOR_DEFINITIONS = (
					"DEBUG=1",
					"$(inherited)",
				);
				GCC_WARN_64_TO_32_BIT_CONVERSION = YES;
				GCC_WARN_ABOUT_RETURN_TYPE = YES_ERROR;
				GCC_WARN_UNDECLARED_SELECTOR = YES;
				GCC_WARN_UNINITIALIZED_AUTOS = YES_AGGRESSIVE;
				GCC_WARN_UNUSED_FUNCTION = YES;
				GCC_WARN_UNUSED_VARIABLE = YES;
				IPHONEOS_DEPLOYMENT_TARGET = 17.0;
				LOCALIZATION_PREFERS_STRING_CATALOGS = YES;
				MTL_ENABLE_DEBUG_INFO = INCLUDE_SOURCE;
				MTL_FAST_MATH = YES;
				ONLY_ACTIVE_ARCH = YES;
				SDKROOT = iphoneos;
				SWIFT_ACTIVE_COMPILATION_CONDITIONS = "DEBUG $(inherited)";
				SWIFT_OPTIMIZATION_LEVEL = "-Onone";
			};
			name = Debug;
		};
		C307427E2B3B3CF900F0B96A /* Release */ = {
			isa = XCBuildConfiguration;
			buildSettings = {
				ALWAYS_SEARCH_USER_PATHS = NO;
				ASSETCATALOG_COMPILER_GENERATE_SWIFT_ASSET_SYMBOL_EXTENSIONS = YES;
				CLANG_ANALYZER_NONNULL = YES;
				CLANG_ANALYZER_NUMBER_OBJECT_CONVERSION = YES_AGGRESSIVE;
				CLANG_CXX_LANGUAGE_STANDARD = "gnu++20";
				CLANG_ENABLE_MODULES = YES;
				CLANG_ENABLE_OBJC_ARC = YES;
				CLANG_ENABLE_OBJC_WEAK = YES;
				CLANG_WARN_BLOCK_CAPTURE_AUTORELEASING = YES;
				CLANG_WARN_BOOL_CONVERSION = YES;
				CLANG_WARN_COMMA = YES;
				CLANG_WARN_CONSTANT_CONVERSION = YES;
				CLANG_WARN_DEPRECATED_OBJC_IMPLEMENTATIONS = YES;
				CLANG_WARN_DIRECT_OBJC_ISA_USAGE = YES_ERROR;
				CLANG_WARN_DOCUMENTATION_COMMENTS = YES;
				CLANG_WARN_EMPTY_BODY = YES;
				CLANG_WARN_ENUM_CONVERSION = YES;
				CLANG_WARN_INFINITE_RECURSION = YES;
				CLANG_WARN_INT_CONVERSION = YES;
				CLANG_WARN_NON_LITERAL_NULL_CONVERSION = YES;
				CLANG_WARN_OBJC_IMPLICIT_RETAIN_SELF = YES;
				CLANG_WARN_OBJC_LITERAL_CONVERSION = YES;
				CLANG_WARN_OBJC_ROOT_CLASS = YES_ERROR;
				CLANG_WARN_QUOTED_INCLUDE_IN_FRAMEWORK_HEADER = YES;
				CLANG_WARN_RANGE_LOOP_ANALYSIS = YES;
				CLANG_WARN_STRICT_PROTOTYPES = YES;
				CLANG_WARN_SUSPICIOUS_MOVE = YES;
				CLANG_WARN_UNGUARDED_AVAILABILITY = YES_AGGRESSIVE;
				CLANG_WARN_UNREACHABLE_CODE = YES;
				CLANG_WARN__DUPLICATE_METHOD_MATCH = YES;
				COPY_PHASE_STRIP = NO;
				DEBUG_INFORMATION_FORMAT = "dwarf-with-dsym";
				ENABLE_NS_ASSERTIONS = NO;
				ENABLE_STRICT_OBJC_MSGSEND = YES;
				ENABLE_USER_SCRIPT_SANDBOXING = YES;
				GCC_C_LANGUAGE_STANDARD = gnu17;
				GCC_NO_COMMON_BLOCKS = YES;
				GCC_WARN_64_TO_32_BIT_CONVERSION = YES;
				GCC_WARN_ABOUT_RETURN_TYPE = YES_ERROR;
				GCC_WARN_UNDECLARED_SELECTOR = YES;
				GCC_WARN_UNINITIALIZED_AUTOS = YES_AGGRESSIVE;
				GCC_WARN_UNUSED_FUNCTION = YES;
				GCC_WARN_UNUSED_VARIABLE = YES;
				IPHONEOS_DEPLOYMENT_TARGET = 17.0;
				LOCALIZATION_PREFERS_STRING_CATALOGS = YES;
				MTL_ENABLE_DEBUG_INFO = NO;
				MTL_FAST_MATH = YES;
				SDKROOT = iphoneos;
				SWIFT_COMPILATION_MODE = wholemodule;
				VALIDATE_PRODUCT = YES;
			};
			name = Release;
		};
		C30742802B3B3CF900F0B96A /* Debug */ = {
			isa = XCBuildConfiguration;
			buildSettings = {
				ASSETCATALOG_COMPILER_APPICON_NAME = AppIcon;
				ASSETCATALOG_COMPILER_GLOBAL_ACCENT_COLOR_NAME = AccentColor;
				CODE_SIGN_STYLE = Automatic;
				CURRENT_PROJECT_VERSION = 1;
				DEVELOPMENT_ASSET_PATHS = "\"Berlin Clock/Preview Content\"";
				ENABLE_PREVIEWS = YES;
				GENERATE_INFOPLIST_FILE = YES;
				INFOPLIST_KEY_UIApplicationSceneManifest_Generation = YES;
				INFOPLIST_KEY_UIApplicationSupportsIndirectInputEvents = YES;
				INFOPLIST_KEY_UILaunchScreen_Generation = YES;
				INFOPLIST_KEY_UISupportedInterfaceOrientations_iPad = "UIInterfaceOrientationPortrait UIInterfaceOrientationPortraitUpsideDown UIInterfaceOrientationLandscapeLeft UIInterfaceOrientationLandscapeRight";
				INFOPLIST_KEY_UISupportedInterfaceOrientations_iPhone = "UIInterfaceOrientationPortrait UIInterfaceOrientationLandscapeLeft UIInterfaceOrientationLandscapeRight";
				LD_RUNPATH_SEARCH_PATHS = (
					"$(inherited)",
					"@executable_path/Frameworks",
				);
				MARKETING_VERSION = 1.0;
				PRODUCT_BUNDLE_IDENTIFIER = "kkar.Berlin-Clock";
				PRODUCT_NAME = "$(TARGET_NAME)";
				SWIFT_EMIT_LOC_STRINGS = YES;
				SWIFT_VERSION = 5.0;
				TARGETED_DEVICE_FAMILY = "1,2";
			};
			name = Debug;
		};
		C30742812B3B3CF900F0B96A /* Release */ = {
			isa = XCBuildConfiguration;
			buildSettings = {
				ASSETCATALOG_COMPILER_APPICON_NAME = AppIcon;
				ASSETCATALOG_COMPILER_GLOBAL_ACCENT_COLOR_NAME = AccentColor;
				CODE_SIGN_STYLE = Automatic;
				CURRENT_PROJECT_VERSION = 1;
				DEVELOPMENT_ASSET_PATHS = "\"Berlin Clock/Preview Content\"";
				ENABLE_PREVIEWS = YES;
				GENERATE_INFOPLIST_FILE = YES;
				INFOPLIST_KEY_UIApplicationSceneManifest_Generation = YES;
				INFOPLIST_KEY_UIApplicationSupportsIndirectInputEvents = YES;
				INFOPLIST_KEY_UILaunchScreen_Generation = YES;
				INFOPLIST_KEY_UISupportedInterfaceOrientations_iPad = "UIInterfaceOrientationPortrait UIInterfaceOrientationPortraitUpsideDown UIInterfaceOrientationLandscapeLeft UIInterfaceOrientationLandscapeRight";
				INFOPLIST_KEY_UISupportedInterfaceOrientations_iPhone = "UIInterfaceOrientationPortrait UIInterfaceOrientationLandscapeLeft UIInterfaceOrientationLandscapeRight";
				LD_RUNPATH_SEARCH_PATHS = (
					"$(inherited)",
					"@executable_path/Frameworks",
				);
				MARKETING_VERSION = 1.0;
				PRODUCT_BUNDLE_IDENTIFIER = "kkar.Berlin-Clock";
				PRODUCT_NAME = "$(TARGET_NAME)";
				SWIFT_EMIT_LOC_STRINGS = YES;
				SWIFT_VERSION = 5.0;
				TARGETED_DEVICE_FAMILY = "1,2";
			};
			name = Release;
		};
		C30742952B3B4D5000F0B96A /* Debug */ = {
			isa = XCBuildConfiguration;
			buildSettings = {
				BUNDLE_LOADER = "$(TEST_HOST)";
				CODE_SIGN_STYLE = Automatic;
				CURRENT_PROJECT_VERSION = 1;
				GENERATE_INFOPLIST_FILE = YES;
				MARKETING_VERSION = 1.0;
				PRODUCT_BUNDLE_IDENTIFIER = "kkar.Berlin-ClockTests";
				PRODUCT_NAME = "$(TARGET_NAME)";
				SWIFT_EMIT_LOC_STRINGS = NO;
				SWIFT_VERSION = 5.0;
				TARGETED_DEVICE_FAMILY = "1,2";
				TEST_HOST = "$(BUILT_PRODUCTS_DIR)/Berlin Clock.app/$(BUNDLE_EXECUTABLE_FOLDER_PATH)/Berlin Clock";
			};
			name = Debug;
		};
		C30742962B3B4D5000F0B96A /* Release */ = {
			isa = XCBuildConfiguration;
			buildSettings = {
				BUNDLE_LOADER = "$(TEST_HOST)";
				CODE_SIGN_STYLE = Automatic;
				CURRENT_PROJECT_VERSION = 1;
				GENERATE_INFOPLIST_FILE = YES;
				MARKETING_VERSION = 1.0;
				PRODUCT_BUNDLE_IDENTIFIER = "kkar.Berlin-ClockTests";
				PRODUCT_NAME = "$(TARGET_NAME)";
				SWIFT_EMIT_LOC_STRINGS = NO;
				SWIFT_VERSION = 5.0;
				TARGETED_DEVICE_FAMILY = "1,2";
				TEST_HOST = "$(BUILT_PRODUCTS_DIR)/Berlin Clock.app/$(BUNDLE_EXECUTABLE_FOLDER_PATH)/Berlin Clock";
			};
			name = Release;
		};
/* End XCBuildConfiguration section */

/* Begin XCConfigurationList section */
		C307426C2B3B3CF800F0B96A /* Build configuration list for PBXProject "Berlin Clock" */ = {
			isa = XCConfigurationList;
			buildConfigurations = (
				C307427D2B3B3CF900F0B96A /* Debug */,
				C307427E2B3B3CF900F0B96A /* Release */,
			);
			defaultConfigurationIsVisible = 0;
			defaultConfigurationName = Release;
		};
		C307427F2B3B3CF900F0B96A /* Build configuration list for PBXNativeTarget "Berlin Clock" */ = {
			isa = XCConfigurationList;
			buildConfigurations = (
				C30742802B3B3CF900F0B96A /* Debug */,
				C30742812B3B3CF900F0B96A /* Release */,
			);
			defaultConfigurationIsVisible = 0;
			defaultConfigurationName = Release;
		};
		C30742942B3B4D5000F0B96A /* Build configuration list for PBXNativeTarget "Berlin ClockTests" */ = {
			isa = XCConfigurationList;
			buildConfigurations = (
				C30742952B3B4D5000F0B96A /* Debug */,
				C30742962B3B4D5000F0B96A /* Release */,
			);
			defaultConfigurationIsVisible = 0;
			defaultConfigurationName = Release;
		};
/* End XCConfigurationList section */
	};
	rootObject = C30742692B3B3CF800F0B96A /* Project object */;
}
